PODS:
  - FoldingCell (5.0.2)
  - FSCalendar (2.8.4)
  - IQKeyboardManagerSwift (6.5.11)
  - JTAppleCalendar (7.1.8)
  - MJRefresh (3.7.5)
  - SwiftLint (0.52.2)

DEPENDENCIES:
  - FoldingCell
  - FSCalendar
  - IQKeyboardManagerSwift
  - JTAppleCalendar (~> 7.1)
  - MJRefresh
  - SwiftLint

SPEC REPOS:
  trunk:
    - FoldingCell
    - FSCalendar
    - IQKeyboardManagerSwift
    - JTAppleCalendar
    - MJRefresh
    - SwiftLint

SPEC CHECKSUMS:
  FoldingCell: f92eb5fb9842319e7cd08c71533c98408b785099
  FSCalendar: 2d1d0d9398f12d439f55c1fe0f01525b151b8260
  IQKeyboardManagerSwift: c7955c0bdbf7b2eb29bb7daaa44e3d90f55a9a85
  JTAppleCalendar: b7fb40852f5f319fe55c8ec3861f1de0edc99cc8
  MJRefresh: fdf5e979eb406a0341468932d1dfc8b7f9fce961
  SwiftLint: 1ac76dac888ca05cb0cf24d0c85887ec1209961d

PODFILE CHECKSUM: 359c586865e3db64cd38e0b37b44777b99e05d24

COCOAPODS: 1.12.0
