// !$*UTF8*$!
{
	archiveVersion = 1;
	classes = {
	};
	objectVersion = 56;
	objects = {

/* Begin PBXBuildFile section */
		051AC68F2A1DA51600B23C63 /* FridgeCell.swift in Sources */ = {isa = PBXBuildFile; fileRef = 051AC68D2A1DA51600B23C63 /* FridgeCell.swift */; };
		051AC6902A1DA51600B23C63 /* FridgeCell.xib in Resources */ = {isa = PBXBuildFile; fileRef = 051AC68E2A1DA51600B23C63 /* FridgeCell.xib */; };
		051AC6922A1DA67C00B23C63 /* UITableView+Extension.swift in Sources */ = {isa = PBXBuildFile; fileRef = 051AC6912A1DA67C00B23C63 /* UITableView+Extension.swift */; };
		051AC6942A1DA72300B23C63 /* FetchFridgesData.swift in Sources */ = {isa = PBXBuildFile; fileRef = 051AC6932A1DA72300B23C63 /* FetchFridgesData.swift */; };
		051AC6962A1DAA6C00B23C63 /* CreatNewFridge.swift in Sources */ = {isa = PBXBuildFile; fileRef = 051AC6952A1DAA6C00B23C63 /* CreatNewFridge.swift */; };
		051AC6982A1DD98500B23C63 /* FridgeListTableView.swift in Sources */ = {isa = PBXBuildFile; fileRef = 051AC6972A1DD98500B23C63 /* FridgeListTableView.swift */; };
		051AC69F2A1DED1F00B23C63 /* CreateFridgeView.swift in Sources */ = {isa = PBXBuildFile; fileRef = 051AC69E2A1DED1F00B23C63 /* CreateFridgeView.swift */; };
		051AC6A12A1DED2E00B23C63 /* CreateFridgeView.xib in Resources */ = {isa = PBXBuildFile; fileRef = 051AC6A02A1DED2E00B23C63 /* CreateFridgeView.xib */; };
		051AC6A52A1EE18F00B23C63 /* FridgeTabBar.storyboard in Resources */ = {isa = PBXBuildFile; fileRef = 051AC6A42A1EE18F00B23C63 /* FridgeTabBar.storyboard */; };
		051AC6A72A1EE1F500B23C63 /* FridgeTabBarController.swift in Sources */ = {isa = PBXBuildFile; fileRef = 051AC6A62A1EE1F500B23C63 /* FridgeTabBarController.swift */; };
		051AC6AB2A1EE43000B23C63 /* IngredientsViewController.swift in Sources */ = {isa = PBXBuildFile; fileRef = 051AC6A92A1EE43000B23C63 /* IngredientsViewController.swift */; };
		051AC6AE2A1EE44B00B23C63 /* Ingredients.storyboard in Resources */ = {isa = PBXBuildFile; fileRef = 051AC6AD2A1EE44B00B23C63 /* Ingredients.storyboard */; };
		051AC6B02A1EF9F300B23C63 /* GetFridge.swift in Sources */ = {isa = PBXBuildFile; fileRef = 051AC6AF2A1EF9F300B23C63 /* GetFridge.swift */; };
		051AC6B32A1F089600B23C63 /* Calendar.storyboard in Resources */ = {isa = PBXBuildFile; fileRef = 051AC6B22A1F089600B23C63 /* Calendar.storyboard */; };
		051AC6B52A1F08A900B23C63 /* CalendarViewController.swift in Sources */ = {isa = PBXBuildFile; fileRef = 051AC6B42A1F08A900B23C63 /* CalendarViewController.swift */; };
		051AC6B72A1F09BB00B23C63 /* UIImage+Extension.swift in Sources */ = {isa = PBXBuildFile; fileRef = 051AC6B62A1F09BB00B23C63 /* UIImage+Extension.swift */; };
		051AC6B92A1F1B2B00B23C63 /* UserLastUseFridge.swift in Sources */ = {isa = PBXBuildFile; fileRef = 051AC6B82A1F1B2B00B23C63 /* UserLastUseFridge.swift */; };
		051AC6BB2A1F27C400B23C63 /* FridgeData.swift in Sources */ = {isa = PBXBuildFile; fileRef = 051AC6BA2A1F27C400B23C63 /* FridgeData.swift */; };
		051AC6BE2A1F2E9E00B23C63 /* MemberData.swift in Sources */ = {isa = PBXBuildFile; fileRef = 051AC6BD2A1F2E9E00B23C63 /* MemberData.swift */; };
		051AC6C12A1F360200B23C63 /* IngredientsData.swift in Sources */ = {isa = PBXBuildFile; fileRef = 051AC6C02A1F360200B23C63 /* IngredientsData.swift */; };
		051AC6C32A1F58F700B23C63 /* FridgeAllData.swift in Sources */ = {isa = PBXBuildFile; fileRef = 051AC6C22A1F58F700B23C63 /* FridgeAllData.swift */; };
		05ED19682A1766590023A13E /* AppDelegate.swift in Sources */ = {isa = PBXBuildFile; fileRef = 05ED19672A1766590023A13E /* AppDelegate.swift */; };
		05ED196A2A1766590023A13E /* SceneDelegate.swift in Sources */ = {isa = PBXBuildFile; fileRef = 05ED19692A1766590023A13E /* SceneDelegate.swift */; };
		05ED196C2A1766590023A13E /* LobbyViewController.swift in Sources */ = {isa = PBXBuildFile; fileRef = 05ED196B2A1766590023A13E /* LobbyViewController.swift */; };
		05ED196F2A1766590023A13E /* Main.storyboard in Resources */ = {isa = PBXBuildFile; fileRef = 05ED196D2A1766590023A13E /* Main.storyboard */; };
		05ED19722A1766590023A13E /* PantryPal.xcdatamodeld in Sources */ = {isa = PBXBuildFile; fileRef = 05ED19702A1766590023A13E /* PantryPal.xcdatamodeld */; };
		05ED19742A17665A0023A13E /* Assets.xcassets in Resources */ = {isa = PBXBuildFile; fileRef = 05ED19732A17665A0023A13E /* Assets.xcassets */; };
		05ED19772A17665A0023A13E /* LaunchScreen.storyboard in Resources */ = {isa = PBXBuildFile; fileRef = 05ED19752A17665A0023A13E /* LaunchScreen.storyboard */; };
		05ED1A7B2A1C93400023A13E /* FirebaseAnalytics in Frameworks */ = {isa = PBXBuildFile; productRef = 05ED1A7A2A1C93400023A13E /* FirebaseAnalytics */; };
		05ED1A7D2A1C93400023A13E /* FirebaseAnalyticsOnDeviceConversion in Frameworks */ = {isa = PBXBuildFile; productRef = 05ED1A7C2A1C93400023A13E /* FirebaseAnalyticsOnDeviceConversion */; };
		05ED1A7F2A1C93400023A13E /* FirebaseAnalyticsSwift in Frameworks */ = {isa = PBXBuildFile; productRef = 05ED1A7E2A1C93400023A13E /* FirebaseAnalyticsSwift */; };
		05ED1A812A1C93400023A13E /* FirebaseAnalyticsWithoutAdIdSupport in Frameworks */ = {isa = PBXBuildFile; productRef = 05ED1A802A1C93400023A13E /* FirebaseAnalyticsWithoutAdIdSupport */; };
		05ED1A832A1C93400023A13E /* FirebaseAppCheck in Frameworks */ = {isa = PBXBuildFile; productRef = 05ED1A822A1C93400023A13E /* FirebaseAppCheck */; };
		05ED1A852A1C93400023A13E /* FirebaseAppDistribution-Beta in Frameworks */ = {isa = PBXBuildFile; productRef = 05ED1A842A1C93400023A13E /* FirebaseAppDistribution-Beta */; };
		05ED1A872A1C93400023A13E /* FirebaseAuth in Frameworks */ = {isa = PBXBuildFile; productRef = 05ED1A862A1C93400023A13E /* FirebaseAuth */; };
		05ED1A892A1C93400023A13E /* FirebaseAuthCombine-Community in Frameworks */ = {isa = PBXBuildFile; productRef = 05ED1A882A1C93400023A13E /* FirebaseAuthCombine-Community */; };
		05ED1A8B2A1C93400023A13E /* FirebaseCrashlytics in Frameworks */ = {isa = PBXBuildFile; productRef = 05ED1A8A2A1C93400023A13E /* FirebaseCrashlytics */; };
		05ED1A8D2A1C93400023A13E /* FirebaseDatabase in Frameworks */ = {isa = PBXBuildFile; productRef = 05ED1A8C2A1C93400023A13E /* FirebaseDatabase */; };
		05ED1A8F2A1C93400023A13E /* FirebaseDatabaseSwift in Frameworks */ = {isa = PBXBuildFile; productRef = 05ED1A8E2A1C93400023A13E /* FirebaseDatabaseSwift */; };
		05ED1A912A1C93400023A13E /* FirebaseDynamicLinks in Frameworks */ = {isa = PBXBuildFile; productRef = 05ED1A902A1C93400023A13E /* FirebaseDynamicLinks */; };
		05ED1A932A1C93400023A13E /* FirebaseFirestore in Frameworks */ = {isa = PBXBuildFile; productRef = 05ED1A922A1C93400023A13E /* FirebaseFirestore */; };
		05ED1A952A1C93400023A13E /* FirebaseFirestoreCombine-Community in Frameworks */ = {isa = PBXBuildFile; productRef = 05ED1A942A1C93400023A13E /* FirebaseFirestoreCombine-Community */; };
		05ED1A972A1C93400023A13E /* FirebaseFirestoreSwift in Frameworks */ = {isa = PBXBuildFile; productRef = 05ED1A962A1C93400023A13E /* FirebaseFirestoreSwift */; };
		05ED1A992A1C93400023A13E /* FirebaseFunctions in Frameworks */ = {isa = PBXBuildFile; productRef = 05ED1A982A1C93400023A13E /* FirebaseFunctions */; };
		05ED1A9B2A1C93400023A13E /* FirebaseFunctionsCombine-Community in Frameworks */ = {isa = PBXBuildFile; productRef = 05ED1A9A2A1C93400023A13E /* FirebaseFunctionsCombine-Community */; };
		05ED1A9D2A1C93400023A13E /* FirebaseInAppMessaging-Beta in Frameworks */ = {isa = PBXBuildFile; productRef = 05ED1A9C2A1C93400023A13E /* FirebaseInAppMessaging-Beta */; };
		05ED1A9F2A1C93400023A13E /* FirebaseInAppMessagingSwift-Beta in Frameworks */ = {isa = PBXBuildFile; productRef = 05ED1A9E2A1C93400023A13E /* FirebaseInAppMessagingSwift-Beta */; };
		05ED1AA12A1C93400023A13E /* FirebaseInstallations in Frameworks */ = {isa = PBXBuildFile; productRef = 05ED1AA02A1C93400023A13E /* FirebaseInstallations */; };
		05ED1AA32A1C93400023A13E /* FirebaseMLModelDownloader in Frameworks */ = {isa = PBXBuildFile; productRef = 05ED1AA22A1C93400023A13E /* FirebaseMLModelDownloader */; };
		05ED1AA52A1C93400023A13E /* FirebaseMessaging in Frameworks */ = {isa = PBXBuildFile; productRef = 05ED1AA42A1C93400023A13E /* FirebaseMessaging */; };
		05ED1AA72A1C93400023A13E /* FirebasePerformance in Frameworks */ = {isa = PBXBuildFile; productRef = 05ED1AA62A1C93400023A13E /* FirebasePerformance */; };
		05ED1AA92A1C93400023A13E /* FirebaseRemoteConfig in Frameworks */ = {isa = PBXBuildFile; productRef = 05ED1AA82A1C93400023A13E /* FirebaseRemoteConfig */; };
		05ED1AAB2A1C93400023A13E /* FirebaseRemoteConfigSwift in Frameworks */ = {isa = PBXBuildFile; productRef = 05ED1AAA2A1C93400023A13E /* FirebaseRemoteConfigSwift */; };
		05ED1AAD2A1C93400023A13E /* FirebaseStorage in Frameworks */ = {isa = PBXBuildFile; productRef = 05ED1AAC2A1C93400023A13E /* FirebaseStorage */; };
		05ED1AAF2A1C93400023A13E /* FirebaseStorageCombine-Community in Frameworks */ = {isa = PBXBuildFile; productRef = 05ED1AAE2A1C93400023A13E /* FirebaseStorageCombine-Community */; };
		05ED1AB72A1CA2F70023A13E /* RegisterViewController.swift in Sources */ = {isa = PBXBuildFile; fileRef = 05ED1AB62A1CA2F70023A13E /* RegisterViewController.swift */; };
		05ED1ABB2A1CA63E0023A13E /* InformationStackView.swift in Sources */ = {isa = PBXBuildFile; fileRef = 05ED1ABA2A1CA63E0023A13E /* InformationStackView.swift */; };
		05ED1ABE2A1CF4A40023A13E /* UserDataInit.swift in Sources */ = {isa = PBXBuildFile; fileRef = 05ED1ABD2A1CF4A40023A13E /* UserDataInit.swift */; };
		05ED1AC22A1CF8E70023A13E /* GoogleService-Info.plist in Resources */ = {isa = PBXBuildFile; fileRef = 05ED1AC12A1CF8E70023A13E /* GoogleService-Info.plist */; };
		05ED1AC42A1CFAD30023A13E /* CheckEmailVerification.swift in Sources */ = {isa = PBXBuildFile; fileRef = 05ED1AC32A1CFAD30023A13E /* CheckEmailVerification.swift */; };
		05ED1AC62A1CFC130023A13E /* SignInViewController.swift in Sources */ = {isa = PBXBuildFile; fileRef = 05ED1AC52A1CFC130023A13E /* SignInViewController.swift */; };
		05ED1AC82A1CFC330023A13E /* SigninStackView.swift in Sources */ = {isa = PBXBuildFile; fileRef = 05ED1AC72A1CFC330023A13E /* SigninStackView.swift */; };
		05ED1ACA2A1D8DEF0023A13E /* Alert.swift in Sources */ = {isa = PBXBuildFile; fileRef = 05ED1AC92A1D8DEF0023A13E /* Alert.swift */; };
		05ED1ACE2A1D971E0023A13E /* FridgeListViewController.swift in Sources */ = {isa = PBXBuildFile; fileRef = 05ED1ACC2A1D971E0023A13E /* FridgeListViewController.swift */; };
		05ED1AD12A1D98120023A13E /* FridgeList.storyboard in Resources */ = {isa = PBXBuildFile; fileRef = 05ED1AD02A1D98120023A13E /* FridgeList.storyboard */; };
		05ED1AD62A1D9E2F0023A13E /* UIStoryboard+Extension.swift in Sources */ = {isa = PBXBuildFile; fileRef = 05ED1AD52A1D9E2F0023A13E /* UIStoryboard+Extension.swift */; };
		1D4E96006AE97AE367D41801 /* Pods_PantryPal.framework in Frameworks */ = {isa = PBXBuildFile; fileRef = 9D6A1EA9F5C052F834352855 /* Pods_PantryPal.framework */; };
/* End PBXBuildFile section */

/* Begin PBXFileReference section */
		0326F2F00EBE78192A8E555F /* Pods-PantryPal.debug.xcconfig */ = {isa = PBXFileReference; includeInIndex = 1; lastKnownFileType = text.xcconfig; name = "Pods-PantryPal.debug.xcconfig"; path = "Target Support Files/Pods-PantryPal/Pods-PantryPal.debug.xcconfig"; sourceTree = "<group>"; };
		051AC68D2A1DA51600B23C63 /* FridgeCell.swift */ = {isa = PBXFileReference; lastKnownFileType = sourcecode.swift; path = FridgeCell.swift; sourceTree = "<group>"; };
		051AC68E2A1DA51600B23C63 /* FridgeCell.xib */ = {isa = PBXFileReference; lastKnownFileType = file.xib; path = FridgeCell.xib; sourceTree = "<group>"; };
		051AC6912A1DA67C00B23C63 /* UITableView+Extension.swift */ = {isa = PBXFileReference; lastKnownFileType = sourcecode.swift; path = "UITableView+Extension.swift"; sourceTree = "<group>"; };
		051AC6932A1DA72300B23C63 /* FetchFridgesData.swift */ = {isa = PBXFileReference; lastKnownFileType = sourcecode.swift; path = FetchFridgesData.swift; sourceTree = "<group>"; };
		051AC6952A1DAA6C00B23C63 /* CreatNewFridge.swift */ = {isa = PBXFileReference; lastKnownFileType = sourcecode.swift; path = CreatNewFridge.swift; sourceTree = "<group>"; };
		051AC6972A1DD98500B23C63 /* FridgeListTableView.swift */ = {isa = PBXFileReference; lastKnownFileType = sourcecode.swift; path = FridgeListTableView.swift; sourceTree = "<group>"; };
		051AC69E2A1DED1F00B23C63 /* CreateFridgeView.swift */ = {isa = PBXFileReference; lastKnownFileType = sourcecode.swift; path = CreateFridgeView.swift; sourceTree = "<group>"; };
		051AC6A02A1DED2E00B23C63 /* CreateFridgeView.xib */ = {isa = PBXFileReference; lastKnownFileType = file.xib; path = CreateFridgeView.xib; sourceTree = "<group>"; };
		051AC6A42A1EE18F00B23C63 /* FridgeTabBar.storyboard */ = {isa = PBXFileReference; lastKnownFileType = file.storyboard; path = FridgeTabBar.storyboard; sourceTree = "<group>"; };
		051AC6A62A1EE1F500B23C63 /* FridgeTabBarController.swift */ = {isa = PBXFileReference; lastKnownFileType = sourcecode.swift; path = FridgeTabBarController.swift; sourceTree = "<group>"; };
		051AC6A92A1EE43000B23C63 /* IngredientsViewController.swift */ = {isa = PBXFileReference; lastKnownFileType = sourcecode.swift; path = IngredientsViewController.swift; sourceTree = "<group>"; };
		051AC6AD2A1EE44B00B23C63 /* Ingredients.storyboard */ = {isa = PBXFileReference; lastKnownFileType = file.storyboard; path = Ingredients.storyboard; sourceTree = "<group>"; };
		051AC6AF2A1EF9F300B23C63 /* GetFridge.swift */ = {isa = PBXFileReference; lastKnownFileType = sourcecode.swift; path = GetFridge.swift; sourceTree = "<group>"; };
		051AC6B22A1F089600B23C63 /* Calendar.storyboard */ = {isa = PBXFileReference; lastKnownFileType = file.storyboard; path = Calendar.storyboard; sourceTree = "<group>"; };
		051AC6B42A1F08A900B23C63 /* CalendarViewController.swift */ = {isa = PBXFileReference; lastKnownFileType = sourcecode.swift; path = CalendarViewController.swift; sourceTree = "<group>"; };
		051AC6B62A1F09BB00B23C63 /* UIImage+Extension.swift */ = {isa = PBXFileReference; lastKnownFileType = sourcecode.swift; path = "UIImage+Extension.swift"; sourceTree = "<group>"; };
		051AC6B82A1F1B2B00B23C63 /* UserLastUseFridge.swift */ = {isa = PBXFileReference; lastKnownFileType = sourcecode.swift; path = UserLastUseFridge.swift; sourceTree = "<group>"; };
		051AC6BA2A1F27C400B23C63 /* FridgeData.swift */ = {isa = PBXFileReference; lastKnownFileType = sourcecode.swift; path = FridgeData.swift; sourceTree = "<group>"; };
		051AC6BD2A1F2E9E00B23C63 /* MemberData.swift */ = {isa = PBXFileReference; lastKnownFileType = sourcecode.swift; path = MemberData.swift; sourceTree = "<group>"; };
		051AC6C02A1F360200B23C63 /* IngredientsData.swift */ = {isa = PBXFileReference; lastKnownFileType = sourcecode.swift; path = IngredientsData.swift; sourceTree = "<group>"; };
		051AC6C22A1F58F700B23C63 /* FridgeAllData.swift */ = {isa = PBXFileReference; lastKnownFileType = sourcecode.swift; path = FridgeAllData.swift; sourceTree = "<group>"; };
		05ED19642A1766590023A13E /* PantryPal.app */ = {isa = PBXFileReference; explicitFileType = wrapper.application; includeInIndex = 0; path = PantryPal.app; sourceTree = BUILT_PRODUCTS_DIR; };
		05ED19672A1766590023A13E /* AppDelegate.swift */ = {isa = PBXFileReference; lastKnownFileType = sourcecode.swift; path = AppDelegate.swift; sourceTree = "<group>"; };
		05ED19692A1766590023A13E /* SceneDelegate.swift */ = {isa = PBXFileReference; lastKnownFileType = sourcecode.swift; path = SceneDelegate.swift; sourceTree = "<group>"; };
		05ED196B2A1766590023A13E /* LobbyViewController.swift */ = {isa = PBXFileReference; lastKnownFileType = sourcecode.swift; path = LobbyViewController.swift; sourceTree = "<group>"; };
		05ED196E2A1766590023A13E /* Base */ = {isa = PBXFileReference; lastKnownFileType = file.storyboard; name = Base; path = Base.lproj/Main.storyboard; sourceTree = "<group>"; };
		05ED19712A1766590023A13E /* PantryPal.xcdatamodel */ = {isa = PBXFileReference; lastKnownFileType = wrapper.xcdatamodel; path = PantryPal.xcdatamodel; sourceTree = "<group>"; };
		05ED19732A17665A0023A13E /* Assets.xcassets */ = {isa = PBXFileReference; lastKnownFileType = folder.assetcatalog; path = Assets.xcassets; sourceTree = "<group>"; };
		05ED19762A17665A0023A13E /* Base */ = {isa = PBXFileReference; lastKnownFileType = file.storyboard; name = Base; path = Base.lproj/LaunchScreen.storyboard; sourceTree = "<group>"; };
		05ED19782A17665A0023A13E /* Info.plist */ = {isa = PBXFileReference; lastKnownFileType = text.plist.xml; path = Info.plist; sourceTree = "<group>"; };
		05ED1AB62A1CA2F70023A13E /* RegisterViewController.swift */ = {isa = PBXFileReference; lastKnownFileType = sourcecode.swift; path = RegisterViewController.swift; sourceTree = "<group>"; };
		05ED1ABA2A1CA63E0023A13E /* InformationStackView.swift */ = {isa = PBXFileReference; lastKnownFileType = sourcecode.swift; path = InformationStackView.swift; sourceTree = "<group>"; };
		05ED1ABD2A1CF4A40023A13E /* UserDataInit.swift */ = {isa = PBXFileReference; lastKnownFileType = sourcecode.swift; path = UserDataInit.swift; sourceTree = "<group>"; };
		05ED1AC12A1CF8E70023A13E /* GoogleService-Info.plist */ = {isa = PBXFileReference; fileEncoding = 4; lastKnownFileType = text.plist.xml; path = "GoogleService-Info.plist"; sourceTree = "<group>"; };
		05ED1AC32A1CFAD30023A13E /* CheckEmailVerification.swift */ = {isa = PBXFileReference; lastKnownFileType = sourcecode.swift; path = CheckEmailVerification.swift; sourceTree = "<group>"; };
		05ED1AC52A1CFC130023A13E /* SignInViewController.swift */ = {isa = PBXFileReference; lastKnownFileType = sourcecode.swift; path = SignInViewController.swift; sourceTree = "<group>"; };
		05ED1AC72A1CFC330023A13E /* SigninStackView.swift */ = {isa = PBXFileReference; lastKnownFileType = sourcecode.swift; path = SigninStackView.swift; sourceTree = "<group>"; };
		05ED1AC92A1D8DEF0023A13E /* Alert.swift */ = {isa = PBXFileReference; lastKnownFileType = sourcecode.swift; path = Alert.swift; sourceTree = "<group>"; };
		05ED1ACC2A1D971E0023A13E /* FridgeListViewController.swift */ = {isa = PBXFileReference; lastKnownFileType = sourcecode.swift; path = FridgeListViewController.swift; sourceTree = "<group>"; };
		05ED1AD02A1D98120023A13E /* FridgeList.storyboard */ = {isa = PBXFileReference; lastKnownFileType = file.storyboard; path = FridgeList.storyboard; sourceTree = "<group>"; };
		05ED1AD52A1D9E2F0023A13E /* UIStoryboard+Extension.swift */ = {isa = PBXFileReference; lastKnownFileType = sourcecode.swift; path = "UIStoryboard+Extension.swift"; sourceTree = "<group>"; };
		950F5E5A7A08087526701DF8 /* Pods-PantryPal.release.xcconfig */ = {isa = PBXFileReference; includeInIndex = 1; lastKnownFileType = text.xcconfig; name = "Pods-PantryPal.release.xcconfig"; path = "Target Support Files/Pods-PantryPal/Pods-PantryPal.release.xcconfig"; sourceTree = "<group>"; };
		9D6A1EA9F5C052F834352855 /* Pods_PantryPal.framework */ = {isa = PBXFileReference; explicitFileType = wrapper.framework; includeInIndex = 0; path = Pods_PantryPal.framework; sourceTree = BUILT_PRODUCTS_DIR; };
/* End PBXFileReference section */

/* Begin PBXFrameworksBuildPhase section */
		05ED19612A1766590023A13E /* Frameworks */ = {
			isa = PBXFrameworksBuildPhase;
			buildActionMask = 2147483647;
			files = (
				05ED1A992A1C93400023A13E /* FirebaseFunctions in Frameworks */,
				05ED1A8F2A1C93400023A13E /* FirebaseDatabaseSwift in Frameworks */,
				05ED1A9F2A1C93400023A13E /* FirebaseInAppMessagingSwift-Beta in Frameworks */,
				05ED1AA52A1C93400023A13E /* FirebaseMessaging in Frameworks */,
				05ED1A852A1C93400023A13E /* FirebaseAppDistribution-Beta in Frameworks */,
				05ED1A892A1C93400023A13E /* FirebaseAuthCombine-Community in Frameworks */,
				05ED1A952A1C93400023A13E /* FirebaseFirestoreCombine-Community in Frameworks */,
				05ED1A7F2A1C93400023A13E /* FirebaseAnalyticsSwift in Frameworks */,
				05ED1AA32A1C93400023A13E /* FirebaseMLModelDownloader in Frameworks */,
				05ED1A812A1C93400023A13E /* FirebaseAnalyticsWithoutAdIdSupport in Frameworks */,
				05ED1A7B2A1C93400023A13E /* FirebaseAnalytics in Frameworks */,
				05ED1A972A1C93400023A13E /* FirebaseFirestoreSwift in Frameworks */,
				05ED1A7D2A1C93400023A13E /* FirebaseAnalyticsOnDeviceConversion in Frameworks */,
				05ED1A832A1C93400023A13E /* FirebaseAppCheck in Frameworks */,
				05ED1AA72A1C93400023A13E /* FirebasePerformance in Frameworks */,
				05ED1A9D2A1C93400023A13E /* FirebaseInAppMessaging-Beta in Frameworks */,
				05ED1A9B2A1C93400023A13E /* FirebaseFunctionsCombine-Community in Frameworks */,
				05ED1A8B2A1C93400023A13E /* FirebaseCrashlytics in Frameworks */,
				05ED1AA12A1C93400023A13E /* FirebaseInstallations in Frameworks */,
				05ED1AA92A1C93400023A13E /* FirebaseRemoteConfig in Frameworks */,
				05ED1AAD2A1C93400023A13E /* FirebaseStorage in Frameworks */,
				05ED1A8D2A1C93400023A13E /* FirebaseDatabase in Frameworks */,
				05ED1AAF2A1C93400023A13E /* FirebaseStorageCombine-Community in Frameworks */,
				1D4E96006AE97AE367D41801 /* Pods_PantryPal.framework in Frameworks */,
				05ED1A872A1C93400023A13E /* FirebaseAuth in Frameworks */,
				05ED1A912A1C93400023A13E /* FirebaseDynamicLinks in Frameworks */,
				05ED1A932A1C93400023A13E /* FirebaseFirestore in Frameworks */,
				05ED1AAB2A1C93400023A13E /* FirebaseRemoteConfigSwift in Frameworks */,
			);
			runOnlyForDeploymentPostprocessing = 0;
		};
/* End PBXFrameworksBuildPhase section */

/* Begin PBXGroup section */
		051AC68A2A1DA4CD00B23C63 /* FridgeCell */ = {
			isa = PBXGroup;
			children = (
				051AC68D2A1DA51600B23C63 /* FridgeCell.swift */,
				051AC68E2A1DA51600B23C63 /* FridgeCell.xib */,
			);
			path = FridgeCell;
			sourceTree = "<group>";
		};
		051AC6992A1DDB0200B23C63 /* Models */ = {
			isa = PBXGroup;
			children = (
				051AC6BF2A1F35EB00B23C63 /* Ingredients */,
				051AC6BC2A1F2E8A00B23C63 /* Member */,
				051AC69A2A1DDB1200B23C63 /* Fridge */,
			);
			path = Models;
			sourceTree = "<group>";
		};
		051AC69A2A1DDB1200B23C63 /* Fridge */ = {
			isa = PBXGroup;
			children = (
				051AC6BA2A1F27C400B23C63 /* FridgeData.swift */,
				051AC6C22A1F58F700B23C63 /* FridgeAllData.swift */,
			);
			path = Fridge;
			sourceTree = "<group>";
		};
		051AC69D2A1DEC8C00B23C63 /* CreateFridgeView */ = {
			isa = PBXGroup;
			children = (
				051AC69E2A1DED1F00B23C63 /* CreateFridgeView.swift */,
				051AC6A02A1DED2E00B23C63 /* CreateFridgeView.xib */,
			);
			path = CreateFridgeView;
			sourceTree = "<group>";
		};
		051AC6A32A1EE17600B23C63 /* Fridge */ = {
			isa = PBXGroup;
			children = (
				051AC6A42A1EE18F00B23C63 /* FridgeTabBar.storyboard */,
				051AC6A62A1EE1F500B23C63 /* FridgeTabBarController.swift */,
			);
			path = Fridge;
			sourceTree = "<group>";
		};
		051AC6A82A1EE3CD00B23C63 /* Ingredients */ = {
			isa = PBXGroup;
			children = (
				051AC6AD2A1EE44B00B23C63 /* Ingredients.storyboard */,
				051AC6A92A1EE43000B23C63 /* IngredientsViewController.swift */,
			);
			path = Ingredients;
			sourceTree = "<group>";
		};
		051AC6B12A1F085200B23C63 /* Calendar */ = {
			isa = PBXGroup;
			children = (
				051AC6B22A1F089600B23C63 /* Calendar.storyboard */,
				051AC6B42A1F08A900B23C63 /* CalendarViewController.swift */,
			);
			path = Calendar;
			sourceTree = "<group>";
		};
		051AC6BC2A1F2E8A00B23C63 /* Member */ = {
			isa = PBXGroup;
			children = (
				051AC6BD2A1F2E9E00B23C63 /* MemberData.swift */,
			);
			path = Member;
			sourceTree = "<group>";
		};
		051AC6BF2A1F35EB00B23C63 /* Ingredients */ = {
			isa = PBXGroup;
			children = (
				051AC6C02A1F360200B23C63 /* IngredientsData.swift */,
			);
			path = Ingredients;
			sourceTree = "<group>";
		};
		05ED195B2A1766590023A13E = {
			isa = PBXGroup;
			children = (
				05ED19662A1766590023A13E /* PantryPal */,
				05ED19652A1766590023A13E /* Products */,
				F4DE436FF07FECAE1B77807C /* Pods */,
				19ABFE95C280C8C18AB53C58 /* Frameworks */,
			);
			sourceTree = "<group>";
		};
		05ED19652A1766590023A13E /* Products */ = {
			isa = PBXGroup;
			children = (
				05ED19642A1766590023A13E /* PantryPal.app */,
			);
			name = Products;
			sourceTree = "<group>";
		};
		05ED19662A1766590023A13E /* PantryPal */ = {
			isa = PBXGroup;
			children = (
				051AC6992A1DDB0200B23C63 /* Models */,
				05ED1AD42A1D9E060023A13E /* Extensions */,
				05ED1ABC2A1CF48A0023A13E /* Methods */,
				05ED1AB22A1CA0E30023A13E /* Views */,
				05ED19672A1766590023A13E /* AppDelegate.swift */,
				05ED19732A17665A0023A13E /* Assets.xcassets */,
				05ED19692A1766590023A13E /* SceneDelegate.swift */,
				05ED196D2A1766590023A13E /* Main.storyboard */,
				05ED19752A17665A0023A13E /* LaunchScreen.storyboard */,
				05ED1AC12A1CF8E70023A13E /* GoogleService-Info.plist */,
				05ED19782A17665A0023A13E /* Info.plist */,
				05ED19702A1766590023A13E /* PantryPal.xcdatamodeld */,
			);
			path = PantryPal;
			sourceTree = "<group>";
		};
		05ED1AB22A1CA0E30023A13E /* Views */ = {
			isa = PBXGroup;
			children = (
				051AC6B12A1F085200B23C63 /* Calendar */,
				051AC6A82A1EE3CD00B23C63 /* Ingredients */,
				051AC6A32A1EE17600B23C63 /* Fridge */,
				05ED1ACB2A1D96E70023A13E /* FridgeList */,
				05ED1AB92A1CA3160023A13E /* Register */,
				05ED1AB82A1CA3080023A13E /* SignIn */,
				05ED1AB32A1CA0F00023A13E /* Lobby */,
			);
			path = Views;
			sourceTree = "<group>";
		};
		05ED1AB32A1CA0F00023A13E /* Lobby */ = {
			isa = PBXGroup;
			children = (
				05ED196B2A1766590023A13E /* LobbyViewController.swift */,
			);
			path = Lobby;
			sourceTree = "<group>";
		};
		05ED1AB82A1CA3080023A13E /* SignIn */ = {
			isa = PBXGroup;
			children = (
				05ED1AC52A1CFC130023A13E /* SignInViewController.swift */,
				05ED1AC72A1CFC330023A13E /* SigninStackView.swift */,
			);
			path = SignIn;
			sourceTree = "<group>";
		};
		05ED1AB92A1CA3160023A13E /* Register */ = {
			isa = PBXGroup;
			children = (
				05ED1AB62A1CA2F70023A13E /* RegisterViewController.swift */,
				05ED1ABA2A1CA63E0023A13E /* InformationStackView.swift */,
			);
			path = Register;
			sourceTree = "<group>";
		};
		05ED1ABC2A1CF48A0023A13E /* Methods */ = {
			isa = PBXGroup;
			children = (
				05ED1ABD2A1CF4A40023A13E /* UserDataInit.swift */,
				05ED1AC32A1CFAD30023A13E /* CheckEmailVerification.swift */,
				05ED1AC92A1D8DEF0023A13E /* Alert.swift */,
				051AC6932A1DA72300B23C63 /* FetchFridgesData.swift */,
				051AC6952A1DAA6C00B23C63 /* CreatNewFridge.swift */,
				051AC6AF2A1EF9F300B23C63 /* GetFridge.swift */,
				051AC6B82A1F1B2B00B23C63 /* UserLastUseFridge.swift */,
			);
			path = Methods;
			sourceTree = "<group>";
		};
		05ED1ACB2A1D96E70023A13E /* FridgeList */ = {
			isa = PBXGroup;
			children = (
				051AC69D2A1DEC8C00B23C63 /* CreateFridgeView */,
				051AC68A2A1DA4CD00B23C63 /* FridgeCell */,
				05ED1ACC2A1D971E0023A13E /* FridgeListViewController.swift */,
				051AC6972A1DD98500B23C63 /* FridgeListTableView.swift */,
				05ED1AD02A1D98120023A13E /* FridgeList.storyboard */,
			);
			path = FridgeList;
			sourceTree = "<group>";
		};
		05ED1AD42A1D9E060023A13E /* Extensions */ = {
			isa = PBXGroup;
			children = (
				05ED1AD52A1D9E2F0023A13E /* UIStoryboard+Extension.swift */,
				051AC6912A1DA67C00B23C63 /* UITableView+Extension.swift */,
				051AC6B62A1F09BB00B23C63 /* UIImage+Extension.swift */,
			);
			path = Extensions;
			sourceTree = "<group>";
		};
		19ABFE95C280C8C18AB53C58 /* Frameworks */ = {
			isa = PBXGroup;
			children = (
				9D6A1EA9F5C052F834352855 /* Pods_PantryPal.framework */,
			);
			name = Frameworks;
			sourceTree = "<group>";
		};
		F4DE436FF07FECAE1B77807C /* Pods */ = {
			isa = PBXGroup;
			children = (
				0326F2F00EBE78192A8E555F /* Pods-PantryPal.debug.xcconfig */,
				950F5E5A7A08087526701DF8 /* Pods-PantryPal.release.xcconfig */,
			);
			path = Pods;
			sourceTree = "<group>";
		};
/* End PBXGroup section */

/* Begin PBXNativeTarget section */
		05ED19632A1766590023A13E /* PantryPal */ = {
			isa = PBXNativeTarget;
			buildConfigurationList = 05ED197B2A17665A0023A13E /* Build configuration list for PBXNativeTarget "PantryPal" */;
			buildPhases = (
				C8F49B6353074BEAB10BF9D5 /* [CP] Check Pods Manifest.lock */,
				05ED19602A1766590023A13E /* Sources */,
				05ED19612A1766590023A13E /* Frameworks */,
				05ED19622A1766590023A13E /* Resources */,
				70D43A2D007D6276568045F3 /* [CP] Embed Pods Frameworks */,
				05ED197E2A1767C60023A13E /* ShellScript */,
			);
			buildRules = (
			);
			dependencies = (
			);
			name = PantryPal;
			packageProductDependencies = (
				05ED1A7A2A1C93400023A13E /* FirebaseAnalytics */,
				05ED1A7C2A1C93400023A13E /* FirebaseAnalyticsOnDeviceConversion */,
				05ED1A7E2A1C93400023A13E /* FirebaseAnalyticsSwift */,
				05ED1A802A1C93400023A13E /* FirebaseAnalyticsWithoutAdIdSupport */,
				05ED1A822A1C93400023A13E /* FirebaseAppCheck */,
				05ED1A842A1C93400023A13E /* FirebaseAppDistribution-Beta */,
				05ED1A862A1C93400023A13E /* FirebaseAuth */,
				05ED1A882A1C93400023A13E /* FirebaseAuthCombine-Community */,
				05ED1A8A2A1C93400023A13E /* FirebaseCrashlytics */,
				05ED1A8C2A1C93400023A13E /* FirebaseDatabase */,
				05ED1A8E2A1C93400023A13E /* FirebaseDatabaseSwift */,
				05ED1A902A1C93400023A13E /* FirebaseDynamicLinks */,
				05ED1A922A1C93400023A13E /* FirebaseFirestore */,
				05ED1A942A1C93400023A13E /* FirebaseFirestoreCombine-Community */,
				05ED1A962A1C93400023A13E /* FirebaseFirestoreSwift */,
				05ED1A982A1C93400023A13E /* FirebaseFunctions */,
				05ED1A9A2A1C93400023A13E /* FirebaseFunctionsCombine-Community */,
				05ED1A9C2A1C93400023A13E /* FirebaseInAppMessaging-Beta */,
				05ED1A9E2A1C93400023A13E /* FirebaseInAppMessagingSwift-Beta */,
				05ED1AA02A1C93400023A13E /* FirebaseInstallations */,
				05ED1AA22A1C93400023A13E /* FirebaseMLModelDownloader */,
				05ED1AA42A1C93400023A13E /* FirebaseMessaging */,
				05ED1AA62A1C93400023A13E /* FirebasePerformance */,
				05ED1AA82A1C93400023A13E /* FirebaseRemoteConfig */,
				05ED1AAA2A1C93400023A13E /* FirebaseRemoteConfigSwift */,
				05ED1AAC2A1C93400023A13E /* FirebaseStorage */,
				05ED1AAE2A1C93400023A13E /* FirebaseStorageCombine-Community */,
			);
			productName = PantryPal;
			productReference = 05ED19642A1766590023A13E /* PantryPal.app */;
			productType = "com.apple.product-type.application";
		};
/* End PBXNativeTarget section */

/* Begin PBXProject section */
		05ED195C2A1766590023A13E /* Project object */ = {
			isa = PBXProject;
			attributes = {
				BuildIndependentTargetsInParallel = 1;
				LastSwiftUpdateCheck = 1420;
				LastUpgradeCheck = 1420;
				TargetAttributes = {
					05ED19632A1766590023A13E = {
						CreatedOnToolsVersion = 14.2;
					};
				};
			};
			buildConfigurationList = 05ED195F2A1766590023A13E /* Build configuration list for PBXProject "PantryPal" */;
			compatibilityVersion = "Xcode 14.0";
			developmentRegion = en;
			hasScannedForEncodings = 0;
			knownRegions = (
				en,
				Base,
			);
			mainGroup = 05ED195B2A1766590023A13E;
			packageReferences = (
				05ED1A792A1C93400023A13E /* XCRemoteSwiftPackageReference "firebase-ios-sdk" */,
			);
			productRefGroup = 05ED19652A1766590023A13E /* Products */;
			projectDirPath = "";
			projectRoot = "";
			targets = (
				05ED19632A1766590023A13E /* PantryPal */,
			);
		};
/* End PBXProject section */

/* Begin PBXResourcesBuildPhase section */
		05ED19622A1766590023A13E /* Resources */ = {
			isa = PBXResourcesBuildPhase;
			buildActionMask = 2147483647;
			files = (
				05ED19772A17665A0023A13E /* LaunchScreen.storyboard in Resources */,
				051AC6A52A1EE18F00B23C63 /* FridgeTabBar.storyboard in Resources */,
				051AC6AE2A1EE44B00B23C63 /* Ingredients.storyboard in Resources */,
				051AC6A12A1DED2E00B23C63 /* CreateFridgeView.xib in Resources */,
				05ED1AC22A1CF8E70023A13E /* GoogleService-Info.plist in Resources */,
				051AC6902A1DA51600B23C63 /* FridgeCell.xib in Resources */,
				05ED19742A17665A0023A13E /* Assets.xcassets in Resources */,
				05ED1AD12A1D98120023A13E /* FridgeList.storyboard in Resources */,
				051AC6B32A1F089600B23C63 /* Calendar.storyboard in Resources */,
				05ED196F2A1766590023A13E /* Main.storyboard in Resources */,
			);
			runOnlyForDeploymentPostprocessing = 0;
		};
/* End PBXResourcesBuildPhase section */

/* Begin PBXShellScriptBuildPhase section */
		05ED197E2A1767C60023A13E /* ShellScript */ = {
			isa = PBXShellScriptBuildPhase;
			buildActionMask = 2147483647;
			files = (
			);
			inputFileListPaths = (
			);
			inputPaths = (
			);
			outputFileListPaths = (
			);
			outputPaths = (
			);
			runOnlyForDeploymentPostprocessing = 0;
			shellPath = /bin/sh;
			shellScript = "# Type a script or drag a script file from your workspace to insert its path.\n\"${PODS_ROOT}/SwiftLint/swiftlint\"\n";
		};
		70D43A2D007D6276568045F3 /* [CP] Embed Pods Frameworks */ = {
			isa = PBXShellScriptBuildPhase;
			buildActionMask = 2147483647;
			files = (
			);
			inputFileListPaths = (
				"${PODS_ROOT}/Target Support Files/Pods-PantryPal/Pods-PantryPal-frameworks-${CONFIGURATION}-input-files.xcfilelist",
			);
			name = "[CP] Embed Pods Frameworks";
			outputFileListPaths = (
				"${PODS_ROOT}/Target Support Files/Pods-PantryPal/Pods-PantryPal-frameworks-${CONFIGURATION}-output-files.xcfilelist",
			);
			runOnlyForDeploymentPostprocessing = 0;
			shellPath = /bin/sh;
			shellScript = "\"${PODS_ROOT}/Target Support Files/Pods-PantryPal/Pods-PantryPal-frameworks.sh\"\n";
			showEnvVarsInLog = 0;
		};
		C8F49B6353074BEAB10BF9D5 /* [CP] Check Pods Manifest.lock */ = {
			isa = PBXShellScriptBuildPhase;
			buildActionMask = 2147483647;
			files = (
			);
			inputFileListPaths = (
			);
			inputPaths = (
				"${PODS_PODFILE_DIR_PATH}/Podfile.lock",
				"${PODS_ROOT}/Manifest.lock",
			);
			name = "[CP] Check Pods Manifest.lock";
			outputFileListPaths = (
			);
			outputPaths = (
				"$(DERIVED_FILE_DIR)/Pods-PantryPal-checkManifestLockResult.txt",
			);
			runOnlyForDeploymentPostprocessing = 0;
			shellPath = /bin/sh;
			shellScript = "diff \"${PODS_PODFILE_DIR_PATH}/Podfile.lock\" \"${PODS_ROOT}/Manifest.lock\" > /dev/null\nif [ $? != 0 ] ; then\n    # print error to STDERR\n    echo \"error: The sandbox is not in sync with the Podfile.lock. Run 'pod install' or update your CocoaPods installation.\" >&2\n    exit 1\nfi\n# This output is used by Xcode 'outputs' to avoid re-running this script phase.\necho \"SUCCESS\" > \"${SCRIPT_OUTPUT_FILE_0}\"\n";
			showEnvVarsInLog = 0;
		};
/* End PBXShellScriptBuildPhase section */

/* Begin PBXSourcesBuildPhase section */
		05ED19602A1766590023A13E /* Sources */ = {
			isa = PBXSourcesBuildPhase;
			buildActionMask = 2147483647;
			files = (
				051AC6B52A1F08A900B23C63 /* CalendarViewController.swift in Sources */,
				051AC69F2A1DED1F00B23C63 /* CreateFridgeView.swift in Sources */,
				051AC6C12A1F360200B23C63 /* IngredientsData.swift in Sources */,
				05ED1ABB2A1CA63E0023A13E /* InformationStackView.swift in Sources */,
				05ED1ACE2A1D971E0023A13E /* FridgeListViewController.swift in Sources */,
				051AC6BB2A1F27C400B23C63 /* FridgeData.swift in Sources */,
				051AC6B92A1F1B2B00B23C63 /* UserLastUseFridge.swift in Sources */,
				051AC6BE2A1F2E9E00B23C63 /* MemberData.swift in Sources */,
				051AC6922A1DA67C00B23C63 /* UITableView+Extension.swift in Sources */,
				051AC6B02A1EF9F300B23C63 /* GetFridge.swift in Sources */,
				051AC6AB2A1EE43000B23C63 /* IngredientsViewController.swift in Sources */,
				05ED196C2A1766590023A13E /* LobbyViewController.swift in Sources */,
				051AC6C32A1F58F700B23C63 /* FridgeAllData.swift in Sources */,
				05ED1ABE2A1CF4A40023A13E /* UserDataInit.swift in Sources */,
				05ED1AB72A1CA2F70023A13E /* RegisterViewController.swift in Sources */,
				051AC6A72A1EE1F500B23C63 /* FridgeTabBarController.swift in Sources */,
				051AC6982A1DD98500B23C63 /* FridgeListTableView.swift in Sources */,
				051AC6962A1DAA6C00B23C63 /* CreatNewFridge.swift in Sources */,
				05ED1AD62A1D9E2F0023A13E /* UIStoryboard+Extension.swift in Sources */,
				05ED1AC42A1CFAD30023A13E /* CheckEmailVerification.swift in Sources */,
				05ED1AC62A1CFC130023A13E /* SignInViewController.swift in Sources */,
				051AC6B72A1F09BB00B23C63 /* UIImage+Extension.swift in Sources */,
				051AC6942A1DA72300B23C63 /* FetchFridgesData.swift in Sources */,
				05ED19722A1766590023A13E /* PantryPal.xcdatamodeld in Sources */,
				05ED1AC82A1CFC330023A13E /* SigninStackView.swift in Sources */,
				05ED1ACA2A1D8DEF0023A13E /* Alert.swift in Sources */,
				05ED19682A1766590023A13E /* AppDelegate.swift in Sources */,
				051AC68F2A1DA51600B23C63 /* FridgeCell.swift in Sources */,
				05ED196A2A1766590023A13E /* SceneDelegate.swift in Sources */,
			);
			runOnlyForDeploymentPostprocessing = 0;
		};
/* End PBXSourcesBuildPhase section */

/* Begin PBXVariantGroup section */
		05ED196D2A1766590023A13E /* Main.storyboard */ = {
			isa = PBXVariantGroup;
			children = (
				05ED196E2A1766590023A13E /* Base */,
			);
			name = Main.storyboard;
			sourceTree = "<group>";
		};
		05ED19752A17665A0023A13E /* LaunchScreen.storyboard */ = {
			isa = PBXVariantGroup;
			children = (
				05ED19762A17665A0023A13E /* Base */,
			);
			name = LaunchScreen.storyboard;
			sourceTree = "<group>";
		};
/* End PBXVariantGroup section */

/* Begin XCBuildConfiguration section */
		05ED19792A17665A0023A13E /* Debug */ = {
			isa = XCBuildConfiguration;
			buildSettings = {
				ALWAYS_SEARCH_USER_PATHS = NO;
				CLANG_ANALYZER_NONNULL = YES;
				CLANG_ANALYZER_NUMBER_OBJECT_CONVERSION = YES_AGGRESSIVE;
				CLANG_CXX_LANGUAGE_STANDARD = "gnu++20";
				CLANG_ENABLE_MODULES = YES;
				CLANG_ENABLE_OBJC_ARC = YES;
				CLANG_ENABLE_OBJC_WEAK = YES;
				CLANG_WARN_BLOCK_CAPTURE_AUTORELEASING = YES;
				CLANG_WARN_BOOL_CONVERSION = YES;
				CLANG_WARN_COMMA = YES;
				CLANG_WARN_CONSTANT_CONVERSION = YES;
				CLANG_WARN_DEPRECATED_OBJC_IMPLEMENTATIONS = YES;
				CLANG_WARN_DIRECT_OBJC_ISA_USAGE = YES_ERROR;
				CLANG_WARN_DOCUMENTATION_COMMENTS = YES;
				CLANG_WARN_EMPTY_BODY = YES;
				CLANG_WARN_ENUM_CONVERSION = YES;
				CLANG_WARN_INFINITE_RECURSION = YES;
				CLANG_WARN_INT_CONVERSION = YES;
				CLANG_WARN_NON_LITERAL_NULL_CONVERSION = YES;
				CLANG_WARN_OBJC_IMPLICIT_RETAIN_SELF = YES;
				CLANG_WARN_OBJC_LITERAL_CONVERSION = YES;
				CLANG_WARN_OBJC_ROOT_CLASS = YES_ERROR;
				CLANG_WARN_QUOTED_INCLUDE_IN_FRAMEWORK_HEADER = YES;
				CLANG_WARN_RANGE_LOOP_ANALYSIS = YES;
				CLANG_WARN_STRICT_PROTOTYPES = YES;
				CLANG_WARN_SUSPICIOUS_MOVE = YES;
				CLANG_WARN_UNGUARDED_AVAILABILITY = YES_AGGRESSIVE;
				CLANG_WARN_UNREACHABLE_CODE = YES;
				CLANG_WARN__DUPLICATE_METHOD_MATCH = YES;
				COPY_PHASE_STRIP = NO;
				DEBUG_INFORMATION_FORMAT = dwarf;
				ENABLE_STRICT_OBJC_MSGSEND = YES;
				ENABLE_TESTABILITY = YES;
				GCC_C_LANGUAGE_STANDARD = gnu11;
				GCC_DYNAMIC_NO_PIC = NO;
				GCC_NO_COMMON_BLOCKS = YES;
				GCC_OPTIMIZATION_LEVEL = 0;
				GCC_PREPROCESSOR_DEFINITIONS = (
					"DEBUG=1",
					"$(inherited)",
				);
				GCC_WARN_64_TO_32_BIT_CONVERSION = YES;
				GCC_WARN_ABOUT_RETURN_TYPE = YES_ERROR;
				GCC_WARN_UNDECLARED_SELECTOR = YES;
				GCC_WARN_UNINITIALIZED_AUTOS = YES_AGGRESSIVE;
				GCC_WARN_UNUSED_FUNCTION = YES;
				GCC_WARN_UNUSED_VARIABLE = YES;
				IPHONEOS_DEPLOYMENT_TARGET = 16.2;
				MTL_ENABLE_DEBUG_INFO = INCLUDE_SOURCE;
				MTL_FAST_MATH = YES;
				ONLY_ACTIVE_ARCH = YES;
				SDKROOT = iphoneos;
				SWIFT_ACTIVE_COMPILATION_CONDITIONS = DEBUG;
				SWIFT_OPTIMIZATION_LEVEL = "-Onone";
			};
			name = Debug;
		};
		05ED197A2A17665A0023A13E /* Release */ = {
			isa = XCBuildConfiguration;
			buildSettings = {
				ALWAYS_SEARCH_USER_PATHS = NO;
				CLANG_ANALYZER_NONNULL = YES;
				CLANG_ANALYZER_NUMBER_OBJECT_CONVERSION = YES_AGGRESSIVE;
				CLANG_CXX_LANGUAGE_STANDARD = "gnu++20";
				CLANG_ENABLE_MODULES = YES;
				CLANG_ENABLE_OBJC_ARC = YES;
				CLANG_ENABLE_OBJC_WEAK = YES;
				CLANG_WARN_BLOCK_CAPTURE_AUTORELEASING = YES;
				CLANG_WARN_BOOL_CONVERSION = YES;
				CLANG_WARN_COMMA = YES;
				CLANG_WARN_CONSTANT_CONVERSION = YES;
				CLANG_WARN_DEPRECATED_OBJC_IMPLEMENTATIONS = YES;
				CLANG_WARN_DIRECT_OBJC_ISA_USAGE = YES_ERROR;
				CLANG_WARN_DOCUMENTATION_COMMENTS = YES;
				CLANG_WARN_EMPTY_BODY = YES;
				CLANG_WARN_ENUM_CONVERSION = YES;
				CLANG_WARN_INFINITE_RECURSION = YES;
				CLANG_WARN_INT_CONVERSION = YES;
				CLANG_WARN_NON_LITERAL_NULL_CONVERSION = YES;
				CLANG_WARN_OBJC_IMPLICIT_RETAIN_SELF = YES;
				CLANG_WARN_OBJC_LITERAL_CONVERSION = YES;
				CLANG_WARN_OBJC_ROOT_CLASS = YES_ERROR;
				CLANG_WARN_QUOTED_INCLUDE_IN_FRAMEWORK_HEADER = YES;
				CLANG_WARN_RANGE_LOOP_ANALYSIS = YES;
				CLANG_WARN_STRICT_PROTOTYPES = YES;
				CLANG_WARN_SUSPICIOUS_MOVE = YES;
				CLANG_WARN_UNGUARDED_AVAILABILITY = YES_AGGRESSIVE;
				CLANG_WARN_UNREACHABLE_CODE = YES;
				CLANG_WARN__DUPLICATE_METHOD_MATCH = YES;
				COPY_PHASE_STRIP = NO;
				DEBUG_INFORMATION_FORMAT = "dwarf-with-dsym";
				ENABLE_NS_ASSERTIONS = NO;
				ENABLE_STRICT_OBJC_MSGSEND = YES;
				GCC_C_LANGUAGE_STANDARD = gnu11;
				GCC_NO_COMMON_BLOCKS = YES;
				GCC_WARN_64_TO_32_BIT_CONVERSION = YES;
				GCC_WARN_ABOUT_RETURN_TYPE = YES_ERROR;
				GCC_WARN_UNDECLARED_SELECTOR = YES;
				GCC_WARN_UNINITIALIZED_AUTOS = YES_AGGRESSIVE;
				GCC_WARN_UNUSED_FUNCTION = YES;
				GCC_WARN_UNUSED_VARIABLE = YES;
				IPHONEOS_DEPLOYMENT_TARGET = 16.2;
				MTL_ENABLE_DEBUG_INFO = NO;
				MTL_FAST_MATH = YES;
				SDKROOT = iphoneos;
				SWIFT_COMPILATION_MODE = wholemodule;
				SWIFT_OPTIMIZATION_LEVEL = "-O";
				VALIDATE_PRODUCT = YES;
			};
			name = Release;
		};
		05ED197C2A17665A0023A13E /* Debug */ = {
			isa = XCBuildConfiguration;
			baseConfigurationReference = 0326F2F00EBE78192A8E555F /* Pods-PantryPal.debug.xcconfig */;
			buildSettings = {
				ASSETCATALOG_COMPILER_APPICON_NAME = AppIcon;
				ASSETCATALOG_COMPILER_GLOBAL_ACCENT_COLOR_NAME = AccentColor;
				CODE_SIGN_STYLE = Automatic;
				CURRENT_PROJECT_VERSION = 1;
				DEVELOPMENT_TEAM = Z4U4RWP3LA;
				GENERATE_INFOPLIST_FILE = YES;
				INFOPLIST_FILE = PantryPal/Info.plist;
				INFOPLIST_KEY_UIApplicationSupportsIndirectInputEvents = YES;
				INFOPLIST_KEY_UILaunchStoryboardName = LaunchScreen;
				INFOPLIST_KEY_UIMainStoryboardFile = Main;
				INFOPLIST_KEY_UISupportedInterfaceOrientations_iPad = "UIInterfaceOrientationPortrait UIInterfaceOrientationPortraitUpsideDown UIInterfaceOrientationLandscapeLeft UIInterfaceOrientationLandscapeRight";
				INFOPLIST_KEY_UISupportedInterfaceOrientations_iPhone = "UIInterfaceOrientationPortrait UIInterfaceOrientationLandscapeLeft UIInterfaceOrientationLandscapeRight";
				LD_RUNPATH_SEARCH_PATHS = (
					"$(inherited)",
					"@executable_path/Frameworks",
				);
				MARKETING_VERSION = 1.0;
				PRODUCT_BUNDLE_IDENTIFIER = com.LinZheHao.PantryPal;
				PRODUCT_NAME = "$(TARGET_NAME)";
				SWIFT_EMIT_LOC_STRINGS = YES;
				SWIFT_VERSION = 5.0;
				TARGETED_DEVICE_FAMILY = "1,2";
			};
			name = Debug;
		};
		05ED197D2A17665A0023A13E /* Release */ = {
			isa = XCBuildConfiguration;
			baseConfigurationReference = 950F5E5A7A08087526701DF8 /* Pods-PantryPal.release.xcconfig */;
			buildSettings = {
				ASSETCATALOG_COMPILER_APPICON_NAME = AppIcon;
				ASSETCATALOG_COMPILER_GLOBAL_ACCENT_COLOR_NAME = AccentColor;
				CODE_SIGN_STYLE = Automatic;
				CURRENT_PROJECT_VERSION = 1;
				DEVELOPMENT_TEAM = Z4U4RWP3LA;
				GENERATE_INFOPLIST_FILE = YES;
				INFOPLIST_FILE = PantryPal/Info.plist;
				INFOPLIST_KEY_UIApplicationSupportsIndirectInputEvents = YES;
				INFOPLIST_KEY_UILaunchStoryboardName = LaunchScreen;
				INFOPLIST_KEY_UIMainStoryboardFile = Main;
				INFOPLIST_KEY_UISupportedInterfaceOrientations_iPad = "UIInterfaceOrientationPortrait UIInterfaceOrientationPortraitUpsideDown UIInterfaceOrientationLandscapeLeft UIInterfaceOrientationLandscapeRight";
				INFOPLIST_KEY_UISupportedInterfaceOrientations_iPhone = "UIInterfaceOrientationPortrait UIInterfaceOrientationLandscapeLeft UIInterfaceOrientationLandscapeRight";
				LD_RUNPATH_SEARCH_PATHS = (
					"$(inherited)",
					"@executable_path/Frameworks",
				);
				MARKETING_VERSION = 1.0;
				PRODUCT_BUNDLE_IDENTIFIER = com.LinZheHao.PantryPal;
				PRODUCT_NAME = "$(TARGET_NAME)";
				SWIFT_EMIT_LOC_STRINGS = YES;
				SWIFT_VERSION = 5.0;
				TARGETED_DEVICE_FAMILY = "1,2";
			};
			name = Release;
		};
/* End XCBuildConfiguration section */

/* Begin XCConfigurationList section */
		05ED195F2A1766590023A13E /* Build configuration list for PBXProject "PantryPal" */ = {
			isa = XCConfigurationList;
			buildConfigurations = (
				05ED19792A17665A0023A13E /* Debug */,
				05ED197A2A17665A0023A13E /* Release */,
			);
			defaultConfigurationIsVisible = 0;
			defaultConfigurationName = Release;
		};
		05ED197B2A17665A0023A13E /* Build configuration list for PBXNativeTarget "PantryPal" */ = {
			isa = XCConfigurationList;
			buildConfigurations = (
				05ED197C2A17665A0023A13E /* Debug */,
				05ED197D2A17665A0023A13E /* Release */,
			);
			defaultConfigurationIsVisible = 0;
			defaultConfigurationName = Release;
		};
/* End XCConfigurationList section */

/* Begin XCRemoteSwiftPackageReference section */
		05ED1A792A1C93400023A13E /* XCRemoteSwiftPackageReference "firebase-ios-sdk" */ = {
			isa = XCRemoteSwiftPackageReference;
			repositoryURL = "https://github.com/firebase/firebase-ios-sdk";
			requirement = {
				kind = upToNextMajorVersion;
				minimumVersion = 9.0.0;
			};
		};
/* End XCRemoteSwiftPackageReference section */

/* Begin XCSwiftPackageProductDependency section */
		05ED1A7A2A1C93400023A13E /* FirebaseAnalytics */ = {
			isa = XCSwiftPackageProductDependency;
			package = 05ED1A792A1C93400023A13E /* XCRemoteSwiftPackageReference "firebase-ios-sdk" */;
			productName = FirebaseAnalytics;
		};
		05ED1A7C2A1C93400023A13E /* FirebaseAnalyticsOnDeviceConversion */ = {
			isa = XCSwiftPackageProductDependency;
			package = 05ED1A792A1C93400023A13E /* XCRemoteSwiftPackageReference "firebase-ios-sdk" */;
			productName = FirebaseAnalyticsOnDeviceConversion;
		};
		05ED1A7E2A1C93400023A13E /* FirebaseAnalyticsSwift */ = {
			isa = XCSwiftPackageProductDependency;
			package = 05ED1A792A1C93400023A13E /* XCRemoteSwiftPackageReference "firebase-ios-sdk" */;
			productName = FirebaseAnalyticsSwift;
		};
		05ED1A802A1C93400023A13E /* FirebaseAnalyticsWithoutAdIdSupport */ = {
			isa = XCSwiftPackageProductDependency;
			package = 05ED1A792A1C93400023A13E /* XCRemoteSwiftPackageReference "firebase-ios-sdk" */;
			productName = FirebaseAnalyticsWithoutAdIdSupport;
		};
		05ED1A822A1C93400023A13E /* FirebaseAppCheck */ = {
			isa = XCSwiftPackageProductDependency;
			package = 05ED1A792A1C93400023A13E /* XCRemoteSwiftPackageReference "firebase-ios-sdk" */;
			productName = FirebaseAppCheck;
		};
		05ED1A842A1C93400023A13E /* FirebaseAppDistribution-Beta */ = {
			isa = XCSwiftPackageProductDependency;
			package = 05ED1A792A1C93400023A13E /* XCRemoteSwiftPackageReference "firebase-ios-sdk" */;
			productName = "FirebaseAppDistribution-Beta";
		};
		05ED1A862A1C93400023A13E /* FirebaseAuth */ = {
			isa = XCSwiftPackageProductDependency;
			package = 05ED1A792A1C93400023A13E /* XCRemoteSwiftPackageReference "firebase-ios-sdk" */;
			productName = FirebaseAuth;
		};
		05ED1A882A1C93400023A13E /* FirebaseAuthCombine-Community */ = {
			isa = XCSwiftPackageProductDependency;
			package = 05ED1A792A1C93400023A13E /* XCRemoteSwiftPackageReference "firebase-ios-sdk" */;
			productName = "FirebaseAuthCombine-Community";
		};
		05ED1A8A2A1C93400023A13E /* FirebaseCrashlytics */ = {
			isa = XCSwiftPackageProductDependency;
			package = 05ED1A792A1C93400023A13E /* XCRemoteSwiftPackageReference "firebase-ios-sdk" */;
			productName = FirebaseCrashlytics;
		};
		05ED1A8C2A1C93400023A13E /* FirebaseDatabase */ = {
			isa = XCSwiftPackageProductDependency;
			package = 05ED1A792A1C93400023A13E /* XCRemoteSwiftPackageReference "firebase-ios-sdk" */;
			productName = FirebaseDatabase;
		};
		05ED1A8E2A1C93400023A13E /* FirebaseDatabaseSwift */ = {
			isa = XCSwiftPackageProductDependency;
			package = 05ED1A792A1C93400023A13E /* XCRemoteSwiftPackageReference "firebase-ios-sdk" */;
			productName = FirebaseDatabaseSwift;
		};
		05ED1A902A1C93400023A13E /* FirebaseDynamicLinks */ = {
			isa = XCSwiftPackageProductDependency;
			package = 05ED1A792A1C93400023A13E /* XCRemoteSwiftPackageReference "firebase-ios-sdk" */;
			productName = FirebaseDynamicLinks;
		};
		05ED1A922A1C93400023A13E /* FirebaseFirestore */ = {
			isa = XCSwiftPackageProductDependency;
			package = 05ED1A792A1C93400023A13E /* XCRemoteSwiftPackageReference "firebase-ios-sdk" */;
			productName = FirebaseFirestore;
		};
		05ED1A942A1C93400023A13E /* FirebaseFirestoreCombine-Community */ = {
			isa = XCSwiftPackageProductDependency;
			package = 05ED1A792A1C93400023A13E /* XCRemoteSwiftPackageReference "firebase-ios-sdk" */;
			productName = "FirebaseFirestoreCombine-Community";
		};
		05ED1A962A1C93400023A13E /* FirebaseFirestoreSwift */ = {
			isa = XCSwiftPackageProductDependency;
			package = 05ED1A792A1C93400023A13E /* XCRemoteSwiftPackageReference "firebase-ios-sdk" */;
			productName = FirebaseFirestoreSwift;
		};
		05ED1A982A1C93400023A13E /* FirebaseFunctions */ = {
			isa = XCSwiftPackageProductDependency;
			package = 05ED1A792A1C93400023A13E /* XCRemoteSwiftPackageReference "firebase-ios-sdk" */;
			productName = FirebaseFunctions;
		};
		05ED1A9A2A1C93400023A13E /* FirebaseFunctionsCombine-Community */ = {
			isa = XCSwiftPackageProductDependency;
			package = 05ED1A792A1C93400023A13E /* XCRemoteSwiftPackageReference "firebase-ios-sdk" */;
			productName = "FirebaseFunctionsCombine-Community";
		};
		05ED1A9C2A1C93400023A13E /* FirebaseInAppMessaging-Beta */ = {
			isa = XCSwiftPackageProductDependency;
			package = 05ED1A792A1C93400023A13E /* XCRemoteSwiftPackageReference "firebase-ios-sdk" */;
			productName = "FirebaseInAppMessaging-Beta";
		};
		05ED1A9E2A1C93400023A13E /* FirebaseInAppMessagingSwift-Beta */ = {
			isa = XCSwiftPackageProductDependency;
			package = 05ED1A792A1C93400023A13E /* XCRemoteSwiftPackageReference "firebase-ios-sdk" */;
			productName = "FirebaseInAppMessagingSwift-Beta";
		};
		05ED1AA02A1C93400023A13E /* FirebaseInstallations */ = {
			isa = XCSwiftPackageProductDependency;
			package = 05ED1A792A1C93400023A13E /* XCRemoteSwiftPackageReference "firebase-ios-sdk" */;
			productName = FirebaseInstallations;
		};
		05ED1AA22A1C93400023A13E /* FirebaseMLModelDownloader */ = {
			isa = XCSwiftPackageProductDependency;
			package = 05ED1A792A1C93400023A13E /* XCRemoteSwiftPackageReference "firebase-ios-sdk" */;
			productName = FirebaseMLModelDownloader;
		};
		05ED1AA42A1C93400023A13E /* FirebaseMessaging */ = {
			isa = XCSwiftPackageProductDependency;
			package = 05ED1A792A1C93400023A13E /* XCRemoteSwiftPackageReference "firebase-ios-sdk" */;
			productName = FirebaseMessaging;
		};
		05ED1AA62A1C93400023A13E /* FirebasePerformance */ = {
			isa = XCSwiftPackageProductDependency;
			package = 05ED1A792A1C93400023A13E /* XCRemoteSwiftPackageReference "firebase-ios-sdk" */;
			productName = FirebasePerformance;
		};
		05ED1AA82A1C93400023A13E /* FirebaseRemoteConfig */ = {
			isa = XCSwiftPackageProductDependency;
			package = 05ED1A792A1C93400023A13E /* XCRemoteSwiftPackageReference "firebase-ios-sdk" */;
			productName = FirebaseRemoteConfig;
		};
		05ED1AAA2A1C93400023A13E /* FirebaseRemoteConfigSwift */ = {
			isa = XCSwiftPackageProductDependency;
			package = 05ED1A792A1C93400023A13E /* XCRemoteSwiftPackageReference "firebase-ios-sdk" */;
			productName = FirebaseRemoteConfigSwift;
		};
		05ED1AAC2A1C93400023A13E /* FirebaseStorage */ = {
			isa = XCSwiftPackageProductDependency;
			package = 05ED1A792A1C93400023A13E /* XCRemoteSwiftPackageReference "firebase-ios-sdk" */;
			productName = FirebaseStorage;
		};
		05ED1AAE2A1C93400023A13E /* FirebaseStorageCombine-Community */ = {
			isa = XCSwiftPackageProductDependency;
			package = 05ED1A792A1C93400023A13E /* XCRemoteSwiftPackageReference "firebase-ios-sdk" */;
			productName = "FirebaseStorageCombine-Community";
		};
/* End XCSwiftPackageProductDependency section */

/* Begin XCVersionGroup section */
		05ED19702A1766590023A13E /* PantryPal.xcdatamodeld */ = {
			isa = XCVersionGroup;
			children = (
				05ED19712A1766590023A13E /* PantryPal.xcdatamodel */,
			);
			currentVersion = 05ED19712A1766590023A13E /* PantryPal.xcdatamodel */;
			path = PantryPal.xcdatamodeld;
			sourceTree = "<group>";
			versionGroupType = wrapper.xcdatamodel;
		};
/* End XCVersionGroup section */
	};
	rootObject = 05ED195C2A1766590023A13E /* Project object */;
}
